
Microsoft Visual Studio Solution File, Format Version 12.00
# Visual Studio Version 17
VisualStudioVersion = 17.2.32630.192
MinimumVisualStudioVersion = 10.0.40219.1
Project("{FAE04EC0-301F-11D3-BF4B-00C04F79EFBC}") = "Pinklazer", "Pinklazer.csproj", "{3B55A666-BA36-462A-998B-1D584C94AECE}"
EndProject
Global
	GlobalSection(SolutionConfigurationPlatforms) = preSolution
		Debug|Any CPU = Debug|Any CPU
		Release|Any CPU = Release|Any CPU
	EndGlobalSection
	GlobalSection(ProjectConfigurationPlatforms) = postSolution
		{3B55A666-BA36-462A-998B-1D584C94AECE}.Debug|Any CPU.ActiveCfg = Debug|Any CPU
		{3B55A666-BA36-462A-998B-1D584C94AECE}.Debug|Any CPU.Build.0 = Debug|Any CPU
		{3B55A666-BA36-462A-998B-1D584C94AECE}.Release|Any CPU.ActiveCfg = Release|Any CPU
		{3B55A666-BA36-462A-998B-1D584C94AECE}.Release|Any CPU.Build.0 = Release|Any CPU
	EndGlobalSection
	GlobalSection(SolutionProperties) = preSolution
		HideSolutionNode = FALSE
	EndGlobalSection
	GlobalSection(ExtensibilityGlobals) = postSolution
		SolutionGuid = {0812685C-B276-479F-852A-EC8FE83AC619}
	EndGlobalSection
EndGlobal
